
Microsoft Visual Studio Solution File, Format Version 12.00
# Visual Studio Version 17
VisualStudioVersion = 17.5.002.0
MinimumVisualStudioVersion = 10.0.40219.1
Project("{9A19103F-16F7-4668-BE54-9A1E7A4F7556}") = "Example001_HelloConsole", "Example001_HelloConsole.csproj", "{67ED9F33-2E6C-43A4-A11A-FF397F07370F}"
EndProject
Global
	GlobalSection(SolutionConfigurationPlatforms) = preSolution
		Debug|Any CPU = Debug|Any CPU
		Release|Any CPU = Release|Any CPU
	EndGlobalSection
	GlobalSection(ProjectConfigurationPlatforms) = postSolution
		{67ED9F33-2E6C-43A4-A11A-FF397F07370F}.Debug|Any CPU.ActiveCfg = Debug|Any CPU
		{67ED9F33-2E6C-43A4-A11A-FF397F07370F}.Debug|Any CPU.Build.0 = Debug|Any CPU
		{67ED9F33-2E6C-43A4-A11A-FF397F07370F}.Release|Any CPU.ActiveCfg = Release|Any CPU
		{67ED9F33-2E6C-43A4-A11A-FF397F07370F}.Release|Any CPU.Build.0 = Release|Any CPU
	EndGlobalSection
	GlobalSection(SolutionProperties) = preSolution
		HideSolutionNode = FALSE
	EndGlobalSection
	GlobalSection(ExtensibilityGlobals) = postSolution
		SolutionGuid = {3307321E-12D8-461B-97BD-3F0C8881EC77}
	EndGlobalSection
EndGlobal
